
Microsoft Visual Studio Solution File, Format Version 12.00
# Visual Studio Version 16
VisualStudioVersion = 16.0.31624.102
MinimumVisualStudioVersion = 10.0.40219.1
Project("{FAE04EC0-301F-11D3-BF4B-00C04F79EFBC}") = "WpfDependencyPropertiesDemo", "WpfDependencyPropertiesDemo\WpfDependencyPropertiesDemo.csproj", "{A0A208ED-A197-4BDB-935F-3EC661F5C835}"
EndProject
Global
	GlobalSection(SolutionConfigurationPlatforms) = preSolution
		Debug|Any CPU = Debug|Any CPU
		Release|Any CPU = Release|Any CPU
	EndGlobalSection
	GlobalSection(ProjectConfigurationPlatforms) = postSolution
		{A0A208ED-A197-4BDB-935F-3EC661F5C835}.Debug|Any CPU.ActiveCfg = Debug|Any CPU
		{A0A208ED-A197-4BDB-935F-3EC661F5C835}.Debug|Any CPU.Build.0 = Debug|Any CPU
		{A0A208ED-A197-4BDB-935F-3EC661F5C835}.Release|Any CPU.ActiveCfg = Release|Any CPU
		{A0A208ED-A197-4BDB-935F-3EC661F5C835}.Release|Any CPU.Build.0 = Release|Any CPU
	EndGlobalSection
	GlobalSection(SolutionProperties) = preSolution
		HideSolutionNode = FALSE
	EndGlobalSection
	GlobalSection(ExtensibilityGlobals) = postSolution
		SolutionGuid = {BB81FF76-14F8-4F3A-B27E-8F081710086E}
	EndGlobalSection
EndGlobal
